PODS:
  - Alamofire (4.9.1)
  - Kingfisher (5.12.0):
    - Kingfisher/Core (= 5.12.0)
  - Kingfisher/Core (5.12.0)
  - Realm (4.2.0):
    - Realm/Headers (= 4.2.0)
  - Realm/Headers (4.2.0)
  - RealmSwift (4.2.0):
    - Realm (= 4.2.0)
  - SwiftyJSON (5.0.0)

DEPENDENCIES:
  - Alamofire
  - Kingfisher
  - Realm
  - RealmSwift
  - SwiftyJSON

SPEC REPOS:
  trunk:
    - Alamofire
    - Kingfisher
    - Realm
    - RealmSwift
    - SwiftyJSON

SPEC CHECKSUMS:
  Alamofire: 85e8a02c69d6020a0d734f6054870d7ecb75cf18
  Kingfisher: dc6e0f53bb5b12c3e75bedb0e01bbd7a640eea69
  Realm: 24f62307291e35ca9ba69f4d5e7214142543b12d
  RealmSwift: eec89a12ff5ff09f365519c64591ab297acbbb40
  SwiftyJSON: 36413e04c44ee145039d332b4f4e2d3e8d6c4db7

PODFILE CHECKSUM: 0575020af2f49daf8c2d147d13411f13c4ebaba7

COCOAPODS: 1.9.3
